
Microsoft Visual Studio Solution File, Format Version 12.00
# Visual Studio Version 16
VisualStudioVersion = 16.0.31911.196
MinimumVisualStudioVersion = 10.0.40219.1
Project("{FAE04EC0-301F-11D3-BF4B-00C04F79EFBC}") = "GenLauncher", "GenLauncherNet\GenLauncher.csproj", "{4A8C2419-CE0F-405A-8D72-5CC6A6A3D1AB}"
EndProject
Global
	GlobalSection(SolutionConfigurationPlatforms) = preSolution
		Debug|Any CPU = Debug|Any CPU
		Release|Any CPU = Release|Any CPU
	EndGlobalSection
	GlobalSection(ProjectConfigurationPlatforms) = postSolution
		{4A8C2419-CE0F-405A-8D72-5CC6A6A3D1AB}.Debug|Any CPU.ActiveCfg = Debug|Any CPU
		{4A8C2419-CE0F-405A-8D72-5CC6A6A3D1AB}.Debug|Any CPU.Build.0 = Debug|Any CPU
		{4A8C2419-CE0F-405A-8D72-5CC6A6A3D1AB}.Release|Any CPU.ActiveCfg = Release|Any CPU
		{4A8C2419-CE0F-405A-8D72-5CC6A6A3D1AB}.Release|Any CPU.Build.0 = Release|Any CPU
	EndGlobalSection
	GlobalSection(SolutionProperties) = preSolution
		HideSolutionNode = FALSE
	EndGlobalSection
	GlobalSection(ExtensibilityGlobals) = postSolution
		SolutionGuid = {D7CECCC4-7CE9-476B-9874-1B6F7FA506C0}
	EndGlobalSection
EndGlobal
